
Microsoft Visual Studio Solution File, Format Version 12.00
# Visual Studio Version 16
VisualStudioVersion = 16.0.30011.22
MinimumVisualStudioVersion = 10.0.40219.1
Project("{F184B08F-C81C-45F6-A57F-5ABD9991F28F}") = "Web Api", "Web Api\Web Api.vbproj", "{666562ED-9192-4457-A984-898D1996D0DE}"
EndProject
Project("{FAE04EC0-301F-11D3-BF4B-00C04F79EFBC}") = "Xamarin Forms", "Xamarin Forms\Xamarin Forms.csproj", "{46CF1D18-D702-47D0-8F57-A282E88E6C47}"
EndProject
Global
	GlobalSection(SolutionConfigurationPlatforms) = preSolution
		Debug|Any CPU = Debug|Any CPU
		Release|Any CPU = Release|Any CPU
	EndGlobalSection
	GlobalSection(ProjectConfigurationPlatforms) = postSolution
		{666562ED-9192-4457-A984-898D1996D0DE}.Debug|Any CPU.ActiveCfg = Debug|Any CPU
		{666562ED-9192-4457-A984-898D1996D0DE}.Debug|Any CPU.Build.0 = Debug|Any CPU
		{666562ED-9192-4457-A984-898D1996D0DE}.Release|Any CPU.ActiveCfg = Release|Any CPU
		{666562ED-9192-4457-A984-898D1996D0DE}.Release|Any CPU.Build.0 = Release|Any CPU
		{46CF1D18-D702-47D0-8F57-A282E88E6C47}.Debug|Any CPU.ActiveCfg = Debug|Any CPU
		{46CF1D18-D702-47D0-8F57-A282E88E6C47}.Debug|Any CPU.Build.0 = Debug|Any CPU
		{46CF1D18-D702-47D0-8F57-A282E88E6C47}.Debug|Any CPU.Deploy.0 = Debug|Any CPU
		{46CF1D18-D702-47D0-8F57-A282E88E6C47}.Release|Any CPU.ActiveCfg = Release|Any CPU
		{46CF1D18-D702-47D0-8F57-A282E88E6C47}.Release|Any CPU.Build.0 = Release|Any CPU
		{46CF1D18-D702-47D0-8F57-A282E88E6C47}.Release|Any CPU.Deploy.0 = Release|Any CPU
	EndGlobalSection
	GlobalSection(SolutionProperties) = preSolution
		HideSolutionNode = FALSE
	EndGlobalSection
	GlobalSection(ExtensibilityGlobals) = postSolution
		SolutionGuid = {95F19E95-F445-4399-9368-D178DED9DF57}
	EndGlobalSection
EndGlobal
